<?xml version="1.0" encoding="utf-8"?>
<Project ToolsVersion="4.0" xmlns="http://schemas.microsoft.com/developer/msbuild/2003">
  <ItemGroup>
    <Filter Include="Source Files">
      <UniqueIdentifier>{4FC737F1-C7A5-4376-A066-2A32D752A2FF}</UniqueIdentifier>
      <Extensions>cpp;c;cc;cxx;c++;cppm;ixx;def;odl;idl;hpj;bat;asm;asmx</Extensions>
    </Filter>
    <Filter Include="Header Files">
      <UniqueIdentifier>{93995380-89BD-4b04-88EB-625FBE52EBFB}</UniqueIdentifier>
      <Extensions>h;hh;hpp;hxx;h++;hm;inl;inc;ipp;xsd</Extensions>
    </Filter>
    <Filter Include="Resource Files">
      <UniqueIdentifier>{67DA6AB6-F800-4c08-8B7A-83BB121AAD01}</UniqueIdentifier>
      <Extensions>rc;ico;cur;bmp;dlg;rc2;rct;bin;rgs;gif;jpg;jpeg;jpe;resx;tiff;tif;png;wav;mfcribbon-ms</Extensions>
    </Filter>
    <Filter Include="Header Files\Entities">
      <UniqueIdentifier>{9aff75ff-dd27-467c-9951-6b139494f034}</UniqueIdentifier>
    </Filter>
    <Filter Include="Source Files\Entities">
      <UniqueIdentifier>{29fd9014-c5eb-4b48-b8e1-7e96d751d3ab}</UniqueIdentifier>
    </Filter>
    <Filter Include="Header Files\NoonDuel">
      <UniqueIdentifier>{1187a627-264e-4adb-9643-80901b305a6c}</UniqueIdentifier>
    </Filter>
    <Filter Include="Source Files\NoonDuel">
      <UniqueIdentifier>{86b213f3-bb13-4f9a-808d-86581f849af9}</UniqueIdentifier>
    </Filter>
  </ItemGroup>
  <ItemGroup>
    <ClCompile Include="framework\main.cpp">
      <Filter>Source Files</Filter>
    </ClCompile>
    <ClCompile Include="framework\Graphics.cpp">
      <Filter>Source Files</Filter>
    </ClCompile>
    <ClCompile Include="framework\GameManager.cpp">
      <Filter>Source Files</Filter>
    </ClCompile>
    <ClCompile Include="framework\Timer.cpp">
      <Filter>Source Files</Filter>
    </ClCompile>
    <ClCompile Include="framework\GameEntity.cpp">
      <Filter>Source Files\Entities</Filter>
    </ClCompile>
    <ClCompile Include="framework\AssetManager.cpp">
      <Filter>Source Files</Filter>
    </ClCompile>
    <ClCompile Include="framework\GameConfig.cpp">
      <Filter>Source Files</Filter>
    </ClCompile>
    <ClCompile Include="framework\InputManager.cpp">
      <Filter>Source Files</Filter>
    </ClCompile>
    <ClCompile Include="framework\AudioManager.cpp">
      <Filter>Source Files</Filter>
    </ClCompile>
    <ClCompile Include="framework\Texture.cpp">
      <Filter>Source Files\Entities</Filter>
    </ClCompile>
    <ClCompile Include="framework\AnimatedTexture.cpp">
      <Filter>Source Files\Entities</Filter>
    </ClCompile>
    <ClCompile Include="framework\ScreenManager.cpp">
      <Filter>Source Files</Filter>
    </ClCompile>
    <ClCompile Include="game\StartScreen.cpp">
      <Filter>Source Files\NoonDuel</Filter>
    </ClCompile>
    <ClCompile Include="game\Scoreboard.cpp">
      <Filter>Source Files\NoonDuel</Filter>
    </ClCompile>
    <ClCompile Include="game\PlayScreen.cpp">
      <Filter>Source Files\NoonDuel</Filter>
    </ClCompile>
    <ClCompile Include="game\Countdown.cpp">
      <Filter>Source Files\NoonDuel</Filter>
    </ClCompile>
    <ClCompile Include="game\WordsLabel.cpp">
      <Filter>Source Files\NoonDuel</Filter>
    </ClCompile>
    <ClCompile Include="game\Player.cpp">
      <Filter>Source Files\NoonDuel</Filter>
    </ClCompile>
  </ItemGroup>
  <ItemGroup>
    <ClInclude Include="framework\GameConfig.h">
      <Filter>Header Files</Filter>
    </ClInclude>
    <ClInclude Include="framework\Graphics.h">
      <Filter>Header Files</Filter>
    </ClInclude>
    <ClInclude Include="framework\GameManager.h">
      <Filter>Header Files</Filter>
    </ClInclude>
    <ClInclude Include="framework\Timer.h">
      <Filter>Header Files</Filter>
    </ClInclude>
    <ClInclude Include="framework\MathHelper.h">
      <Filter>Header Files</Filter>
    </ClInclude>
    <ClInclude Include="framework\GameEntity.h">
      <Filter>Header Files\Entities</Filter>
    </ClInclude>
    <ClInclude Include="framework\Texture.h">
      <Filter>Header Files\Entities</Filter>
    </ClInclude>
    <ClInclude Include="framework\AssetManager.h">
      <Filter>Header Files</Filter>
    </ClInclude>
    <ClInclude Include="framework\InputManager.h">
      <Filter>Header Files</Filter>
    </ClInclude>
    <ClInclude Include="framework\AnimatedTexture.h">
      <Filter>Header Files\Entities</Filter>
    </ClInclude>
    <ClInclude Include="framework\AudioManager.h">
      <Filter>Header Files</Filter>
    </ClInclude>
    <ClInclude Include="framework\ScreenManager.h">
      <Filter>Header Files</Filter>
    </ClInclude>
    <ClInclude Include="framework\GameObject.h">
      <Filter>Header Files\Entities</Filter>
    </ClInclude>
    <ClInclude Include="game\StartScreen.h">
      <Filter>Header Files\NoonDuel</Filter>
    </ClInclude>
    <ClInclude Include="game\PlayScreen.h">
      <Filter>Header Files\NoonDuel</Filter>
    </ClInclude>
    <ClInclude Include="game\Scoreboard.h">
      <Filter>Header Files\NoonDuel</Filter>
    </ClInclude>
    <ClInclude Include="game\Countdown.h">
      <Filter>Header Files\NoonDuel</Filter>
    </ClInclude>
    <ClInclude Include="game\WordsLabel.h">
      <Filter>Header Files\NoonDuel</Filter>
    </ClInclude>
    <ClInclude Include="game\Player.h">
      <Filter>Header Files\NoonDuel</Filter>
    </ClInclude>
  </ItemGroup>
</Project>